
Microsoft Visual Studio Solution File, Format Version 12.00
# Visual Studio 2013
VisualStudioVersion = 12.0.40629.0
MinimumVisualStudioVersion = 10.0.40219.1
Project("{FAE04EC0-301F-11D3-BF4B-00C04F79EFBC}") = "ShellExtention", "ShellExtention\ShellExtention.csproj", "{17AEB270-6C60-46A9-AD20-C03AA64FE8AB}"
EndProject
Project("{FAE04EC0-301F-11D3-BF4B-00C04F79EFBC}") = "Silent APK Renaming", "Silent APK Renaming\Silent APK Renaming.csproj", "{48972E1C-7E0B-4896-87D4-641B109A2E60}"
EndProject
Global
	GlobalSection(SolutionConfigurationPlatforms) = preSolution
		Debug|Any CPU = Debug|Any CPU
		Release|Any CPU = Release|Any CPU
	EndGlobalSection
	GlobalSection(ProjectConfigurationPlatforms) = postSolution
		{17AEB270-6C60-46A9-AD20-C03AA64FE8AB}.Debug|Any CPU.ActiveCfg = Debug|Any CPU
		{17AEB270-6C60-46A9-AD20-C03AA64FE8AB}.Debug|Any CPU.Build.0 = Debug|Any CPU
		{17AEB270-6C60-46A9-AD20-C03AA64FE8AB}.Release|Any CPU.ActiveCfg = Release|Any CPU
		{17AEB270-6C60-46A9-AD20-C03AA64FE8AB}.Release|Any CPU.Build.0 = Release|Any CPU
		{48972E1C-7E0B-4896-87D4-641B109A2E60}.Debug|Any CPU.ActiveCfg = Debug|Any CPU
		{48972E1C-7E0B-4896-87D4-641B109A2E60}.Debug|Any CPU.Build.0 = Debug|Any CPU
		{48972E1C-7E0B-4896-87D4-641B109A2E60}.Release|Any CPU.ActiveCfg = Release|Any CPU
		{48972E1C-7E0B-4896-87D4-641B109A2E60}.Release|Any CPU.Build.0 = Release|Any CPU
	EndGlobalSection
	GlobalSection(SolutionProperties) = preSolution
		HideSolutionNode = FALSE
	EndGlobalSection
EndGlobal
